// !$*UTF8*$!
{
	archiveVersion = 1;
	classes = {
	};
	objectVersion = 56;
	objects = {

/* Begin PBXBuildFile section */
		35413440295360BE00745F18 /* AppDelegate.swift in Sources */ = {isa = PBXBuildFile; fileRef = 3541343F295360BE00745F18 /* AppDelegate.swift */; };
		35413442295360BE00745F18 /* SceneDelegate.swift in Sources */ = {isa = PBXBuildFile; fileRef = 35413441295360BE00745F18 /* SceneDelegate.swift */; };
		35413444295360BE00745F18 /* ViewController.swift in Sources */ = {isa = PBXBuildFile; fileRef = 35413443295360BE00745F18 /* ViewController.swift */; };
		35413449295360BF00745F18 /* Assets.xcassets in Resources */ = {isa = PBXBuildFile; fileRef = 35413448295360BF00745F18 /* Assets.xcassets */; };
		35413457295360BF00745F18 /* ABLYTests.swift in Sources */ = {isa = PBXBuildFile; fileRef = 35413456295360BF00745F18 /* ABLYTests.swift */; };
		35413461295360BF00745F18 /* ABLYUITests.swift in Sources */ = {isa = PBXBuildFile; fileRef = 35413460295360BF00745F18 /* ABLYUITests.swift */; };
		35413463295360BF00745F18 /* ABLYUITestsLaunchTests.swift in Sources */ = {isa = PBXBuildFile; fileRef = 35413462295360BF00745F18 /* ABLYUITestsLaunchTests.swift */; };
		35413470295361F000745F18 /* 에이블리.PNG in Resources */ = {isa = PBXBuildFile; fileRef = 3541346F295361F000745F18 /* 에이블리.PNG */; };
		3541347229538A8E00745F18 /* Main.storyboard in Resources */ = {isa = PBXBuildFile; fileRef = 3541347129538A8E00745F18 /* Main.storyboard */; };
		3569601F2954E05900B1F87C /* Firsttab.storyboard in Resources */ = {isa = PBXBuildFile; fileRef = 3569601E2954E05900B1F87C /* Firsttab.storyboard */; };
		356960212954E1C300B1F87C /* SecondTab.storyboard in Resources */ = {isa = PBXBuildFile; fileRef = 356960202954E1C300B1F87C /* SecondTab.storyboard */; };
		356960232954E1F200B1F87C /* ThirdTab.storyboard in Resources */ = {isa = PBXBuildFile; fileRef = 356960222954E1F200B1F87C /* ThirdTab.storyboard */; };
		356960252954E1FC00B1F87C /* FourthTab.storyboard in Resources */ = {isa = PBXBuildFile; fileRef = 356960242954E1FC00B1F87C /* FourthTab.storyboard */; };
		356960272954E21000B1F87C /* FifthTab.storyboard in Resources */ = {isa = PBXBuildFile; fileRef = 356960262954E21000B1F87C /* FifthTab.storyboard */; };
		356960292954E77100B1F87C /* HomePage.storyboard in Resources */ = {isa = PBXBuildFile; fileRef = 356960282954E77100B1F87C /* HomePage.storyboard */; };
/* End PBXBuildFile section */

/* Begin PBXContainerItemProxy section */
		35413453295360BF00745F18 /* PBXContainerItemProxy */ = {
			isa = PBXContainerItemProxy;
			containerPortal = 35413434295360BE00745F18 /* Project object */;
			proxyType = 1;
			remoteGlobalIDString = 3541343B295360BE00745F18;
			remoteInfo = ABLY;
		};
		3541345D295360BF00745F18 /* PBXContainerItemProxy */ = {
			isa = PBXContainerItemProxy;
			containerPortal = 35413434295360BE00745F18 /* Project object */;
			proxyType = 1;
			remoteGlobalIDString = 3541343B295360BE00745F18;
			remoteInfo = ABLY;
		};
/* End PBXContainerItemProxy section */

/* Begin PBXFileReference section */
		3541343C295360BE00745F18 /* ABLY.app */ = {isa = PBXFileReference; explicitFileType = wrapper.application; includeInIndex = 0; path = ABLY.app; sourceTree = BUILT_PRODUCTS_DIR; };
		3541343F295360BE00745F18 /* AppDelegate.swift */ = {isa = PBXFileReference; lastKnownFileType = sourcecode.swift; path = AppDelegate.swift; sourceTree = "<group>"; };
		35413441295360BE00745F18 /* SceneDelegate.swift */ = {isa = PBXFileReference; lastKnownFileType = sourcecode.swift; path = SceneDelegate.swift; sourceTree = "<group>"; };
		35413443295360BE00745F18 /* ViewController.swift */ = {isa = PBXFileReference; lastKnownFileType = sourcecode.swift; path = ViewController.swift; sourceTree = "<group>"; };
		35413448295360BF00745F18 /* Assets.xcassets */ = {isa = PBXFileReference; lastKnownFileType = folder.assetcatalog; path = Assets.xcassets; sourceTree = "<group>"; };
		3541344D295360BF00745F18 /* Info.plist */ = {isa = PBXFileReference; lastKnownFileType = text.plist.xml; path = Info.plist; sourceTree = "<group>"; };
		35413452295360BF00745F18 /* ABLYTests.xctest */ = {isa = PBXFileReference; explicitFileType = wrapper.cfbundle; includeInIndex = 0; path = ABLYTests.xctest; sourceTree = BUILT_PRODUCTS_DIR; };
		35413456295360BF00745F18 /* ABLYTests.swift */ = {isa = PBXFileReference; lastKnownFileType = sourcecode.swift; path = ABLYTests.swift; sourceTree = "<group>"; };
		3541345C295360BF00745F18 /* ABLYUITests.xctest */ = {isa = PBXFileReference; explicitFileType = wrapper.cfbundle; includeInIndex = 0; path = ABLYUITests.xctest; sourceTree = BUILT_PRODUCTS_DIR; };
		35413460295360BF00745F18 /* ABLYUITests.swift */ = {isa = PBXFileReference; lastKnownFileType = sourcecode.swift; path = ABLYUITests.swift; sourceTree = "<group>"; };
		35413462295360BF00745F18 /* ABLYUITestsLaunchTests.swift */ = {isa = PBXFileReference; lastKnownFileType = sourcecode.swift; path = ABLYUITestsLaunchTests.swift; sourceTree = "<group>"; };
		3541346F295361F000745F18 /* 에이블리.PNG */ = {isa = PBXFileReference; lastKnownFileType = image.png; name = "에이블리.PNG"; path = "../../Desktop/에이블리.PNG"; sourceTree = "<group>"; };
		3541347129538A8E00745F18 /* Main.storyboard */ = {isa = PBXFileReference; lastKnownFileType = file.storyboard; path = Main.storyboard; sourceTree = "<group>"; };
		3569601E2954E05900B1F87C /* Firsttab.storyboard */ = {isa = PBXFileReference; lastKnownFileType = file.storyboard; path = Firsttab.storyboard; sourceTree = "<group>"; };
		356960202954E1C300B1F87C /* SecondTab.storyboard */ = {isa = PBXFileReference; lastKnownFileType = file.storyboard; path = SecondTab.storyboard; sourceTree = "<group>"; };
		356960222954E1F200B1F87C /* ThirdTab.storyboard */ = {isa = PBXFileReference; lastKnownFileType = file.storyboard; path = ThirdTab.storyboard; sourceTree = "<group>"; };
		356960242954E1FC00B1F87C /* FourthTab.storyboard */ = {isa = PBXFileReference; lastKnownFileType = file.storyboard; path = FourthTab.storyboard; sourceTree = "<group>"; };
		356960262954E21000B1F87C /* FifthTab.storyboard */ = {isa = PBXFileReference; lastKnownFileType = file.storyboard; path = FifthTab.storyboard; sourceTree = "<group>"; };
		356960282954E77100B1F87C /* HomePage.storyboard */ = {isa = PBXFileReference; lastKnownFileType = file.storyboard; path = HomePage.storyboard; sourceTree = "<group>"; };
/* End PBXFileReference section */

/* Begin PBXFrameworksBuildPhase section */
		35413439295360BE00745F18 /* Frameworks */ = {
			isa = PBXFrameworksBuildPhase;
			buildActionMask = 2147483647;
			files = (
			);
			runOnlyForDeploymentPostprocessing = 0;
		};
		3541344F295360BF00745F18 /* Frameworks */ = {
			isa = PBXFrameworksBuildPhase;
			buildActionMask = 2147483647;
			files = (
			);
			runOnlyForDeploymentPostprocessing = 0;
		};
		35413459295360BF00745F18 /* Frameworks */ = {
			isa = PBXFrameworksBuildPhase;
			buildActionMask = 2147483647;
			files = (
			);
			runOnlyForDeploymentPostprocessing = 0;
		};
/* End PBXFrameworksBuildPhase section */

/* Begin PBXGroup section */
		35413433295360BE00745F18 = {
			isa = PBXGroup;
			children = (
				3541343E295360BE00745F18 /* ABLY */,
				35413455295360BF00745F18 /* ABLYTests */,
				3541345F295360BF00745F18 /* ABLYUITests */,
				3541343D295360BE00745F18 /* Products */,
			);
			sourceTree = "<group>";
		};
		3541343D295360BE00745F18 /* Products */ = {
			isa = PBXGroup;
			children = (
				3541343C295360BE00745F18 /* ABLY.app */,
				35413452295360BF00745F18 /* ABLYTests.xctest */,
				3541345C295360BF00745F18 /* ABLYUITests.xctest */,
			);
			name = Products;
			sourceTree = "<group>";
		};
		3541343E295360BE00745F18 /* ABLY */ = {
			isa = PBXGroup;
			children = (
				3541343F295360BE00745F18 /* AppDelegate.swift */,
				35413441295360BE00745F18 /* SceneDelegate.swift */,
				35413443295360BE00745F18 /* ViewController.swift */,
				3541347129538A8E00745F18 /* Main.storyboard */,
				356960282954E77100B1F87C /* HomePage.storyboard */,
				356960202954E1C300B1F87C /* SecondTab.storyboard */,
				3569601E2954E05900B1F87C /* Firsttab.storyboard */,
				356960222954E1F200B1F87C /* ThirdTab.storyboard */,
				356960242954E1FC00B1F87C /* FourthTab.storyboard */,
				356960262954E21000B1F87C /* FifthTab.storyboard */,
				35413448295360BF00745F18 /* Assets.xcassets */,
				3541346F295361F000745F18 /* 에이블리.PNG */,
				3541344D295360BF00745F18 /* Info.plist */,
			);
			path = ABLY;
			sourceTree = "<group>";
		};
		35413455295360BF00745F18 /* ABLYTests */ = {
			isa = PBXGroup;
			children = (
				35413456295360BF00745F18 /* ABLYTests.swift */,
			);
			path = ABLYTests;
			sourceTree = "<group>";
		};
		3541345F295360BF00745F18 /* ABLYUITests */ = {
			isa = PBXGroup;
			children = (
				35413460295360BF00745F18 /* ABLYUITests.swift */,
				35413462295360BF00745F18 /* ABLYUITestsLaunchTests.swift */,
			);
			path = ABLYUITests;
			sourceTree = "<group>";
		};
/* End PBXGroup section */

/* Begin PBXNativeTarget section */
		3541343B295360BE00745F18 /* ABLY */ = {
			isa = PBXNativeTarget;
			buildConfigurationList = 35413466295360BF00745F18 /* Build configuration list for PBXNativeTarget "ABLY" */;
			buildPhases = (
				35413438295360BE00745F18 /* Sources */,
				35413439295360BE00745F18 /* Frameworks */,
				3541343A295360BE00745F18 /* Resources */,
			);
			buildRules = (
			);
			dependencies = (
			);
			name = ABLY;
			productName = ABLY;
			productReference = 3541343C295360BE00745F18 /* ABLY.app */;
			productType = "com.apple.product-type.application";
		};
		35413451295360BF00745F18 /* ABLYTests */ = {
			isa = PBXNativeTarget;
			buildConfigurationList = 35413469295360BF00745F18 /* Build configuration list for PBXNativeTarget "ABLYTests" */;
			buildPhases = (
				3541344E295360BF00745F18 /* Sources */,
				3541344F295360BF00745F18 /* Frameworks */,
				35413450295360BF00745F18 /* Resources */,
			);
			buildRules = (
			);
			dependencies = (
				35413454295360BF00745F18 /* PBXTargetDependency */,
			);
			name = ABLYTests;
			productName = ABLYTests;
			productReference = 35413452295360BF00745F18 /* ABLYTests.xctest */;
			productType = "com.apple.product-type.bundle.unit-test";
		};
		3541345B295360BF00745F18 /* ABLYUITests */ = {
			isa = PBXNativeTarget;
			buildConfigurationList = 3541346C295360BF00745F18 /* Build configuration list for PBXNativeTarget "ABLYUITests" */;
			buildPhases = (
				35413458295360BF00745F18 /* Sources */,
				35413459295360BF00745F18 /* Frameworks */,
				3541345A295360BF00745F18 /* Resources */,
			);
			buildRules = (
			);
			dependencies = (
				3541345E295360BF00745F18 /* PBXTargetDependency */,
			);
			name = ABLYUITests;
			productName = ABLYUITests;
			productReference = 3541345C295360BF00745F18 /* ABLYUITests.xctest */;
			productType = "com.apple.product-type.bundle.ui-testing";
		};
/* End PBXNativeTarget section */

/* Begin PBXProject section */
		35413434295360BE00745F18 /* Project object */ = {
			isa = PBXProject;
			attributes = {
				BuildIndependentTargetsInParallel = 1;
				LastSwiftUpdateCheck = 1410;
				LastUpgradeCheck = 1410;
				TargetAttributes = {
					3541343B295360BE00745F18 = {
						CreatedOnToolsVersion = 14.1;
					};
					35413451295360BF00745F18 = {
						CreatedOnToolsVersion = 14.1;
						TestTargetID = 3541343B295360BE00745F18;
					};
					3541345B295360BF00745F18 = {
						CreatedOnToolsVersion = 14.1;
						TestTargetID = 3541343B295360BE00745F18;
					};
				};
			};
			buildConfigurationList = 35413437295360BE00745F18 /* Build configuration list for PBXProject "ABLY" */;
			compatibilityVersion = "Xcode 14.0";
			developmentRegion = en;
			hasScannedForEncodings = 0;
			knownRegions = (
				en,
				Base,
			);
			mainGroup = 35413433295360BE00745F18;
			productRefGroup = 3541343D295360BE00745F18 /* Products */;
			projectDirPath = "";
			projectRoot = "";
			targets = (
				3541343B295360BE00745F18 /* ABLY */,
				35413451295360BF00745F18 /* ABLYTests */,
				3541345B295360BF00745F18 /* ABLYUITests */,
			);
		};
/* End PBXProject section */

/* Begin PBXResourcesBuildPhase section */
		3541343A295360BE00745F18 /* Resources */ = {
			isa = PBXResourcesBuildPhase;
			buildActionMask = 2147483647;
			files = (
				35413470295361F000745F18 /* 에이블리.PNG in Resources */,
				35413449295360BF00745F18 /* Assets.xcassets in Resources */,
				356960272954E21000B1F87C /* FifthTab.storyboard in Resources */,
				356960212954E1C300B1F87C /* SecondTab.storyboard in Resources */,
				3569601F2954E05900B1F87C /* Firsttab.storyboard in Resources */,
				356960232954E1F200B1F87C /* ThirdTab.storyboard in Resources */,
				3541347229538A8E00745F18 /* Main.storyboard in Resources */,
				356960252954E1FC00B1F87C /* FourthTab.storyboard in Resources */,
				356960292954E77100B1F87C /* HomePage.storyboard in Resources */,
			);
			runOnlyForDeploymentPostprocessing = 0;
		};
		35413450295360BF00745F18 /* Resources */ = {
			isa = PBXResourcesBuildPhase;
			buildActionMask = 2147483647;
			files = (
			);
			runOnlyForDeploymentPostprocessing = 0;
		};
		3541345A295360BF00745F18 /* Resources */ = {
			isa = PBXResourcesBuildPhase;
			buildActionMask = 2147483647;
			files = (
			);
			runOnlyForDeploymentPostprocessing = 0;
		};
/* End PBXResourcesBuildPhase section */

/* Begin PBXSourcesBuildPhase section */
		35413438295360BE00745F18 /* Sources */ = {
			isa = PBXSourcesBuildPhase;
			buildActionMask = 2147483647;
			files = (
				35413444295360BE00745F18 /* ViewController.swift in Sources */,
				35413440295360BE00745F18 /* AppDelegate.swift in Sources */,
				35413442295360BE00745F18 /* SceneDelegate.swift in Sources */,
			);
			runOnlyForDeploymentPostprocessing = 0;
		};
		3541344E295360BF00745F18 /* Sources */ = {
			isa = PBXSourcesBuildPhase;
			buildActionMask = 2147483647;
			files = (
				35413457295360BF00745F18 /* ABLYTests.swift in Sources */,
			);
			runOnlyForDeploymentPostprocessing = 0;
		};
		35413458295360BF00745F18 /* Sources */ = {
			isa = PBXSourcesBuildPhase;
			buildActionMask = 2147483647;
			files = (
				35413463295360BF00745F18 /* ABLYUITestsLaunchTests.swift in Sources */,
				35413461295360BF00745F18 /* ABLYUITests.swift in Sources */,
			);
			runOnlyForDeploymentPostprocessing = 0;
		};
/* End PBXSourcesBuildPhase section */

/* Begin PBXTargetDependency section */
		35413454295360BF00745F18 /* PBXTargetDependency */ = {
			isa = PBXTargetDependency;
			target = 3541343B295360BE00745F18 /* ABLY */;
			targetProxy = 35413453295360BF00745F18 /* PBXContainerItemProxy */;
		};
		3541345E295360BF00745F18 /* PBXTargetDependency */ = {
			isa = PBXTargetDependency;
			target = 3541343B295360BE00745F18 /* ABLY */;
			targetProxy = 3541345D295360BF00745F18 /* PBXContainerItemProxy */;
		};
/* End PBXTargetDependency section */

/* Begin XCBuildConfiguration section */
		35413464295360BF00745F18 /* Debug */ = {
			isa = XCBuildConfiguration;
			buildSettings = {
				ALWAYS_SEARCH_USER_PATHS = NO;
				CLANG_ANALYZER_NONNULL = YES;
				CLANG_ANALYZER_NUMBER_OBJECT_CONVERSION = YES_AGGRESSIVE;
				CLANG_CXX_LANGUAGE_STANDARD = "gnu++20";
				CLANG_ENABLE_MODULES = YES;
				CLANG_ENABLE_OBJC_ARC = YES;
				CLANG_ENABLE_OBJC_WEAK = YES;
				CLANG_WARN_BLOCK_CAPTURE_AUTORELEASING = YES;
				CLANG_WARN_BOOL_CONVERSION = YES;
				CLANG_WARN_COMMA = YES;
				CLANG_WARN_CONSTANT_CONVERSION = YES;
				CLANG_WARN_DEPRECATED_OBJC_IMPLEMENTATIONS = YES;
				CLANG_WARN_DIRECT_OBJC_ISA_USAGE = YES_ERROR;
				CLANG_WARN_DOCUMENTATION_COMMENTS = YES;
				CLANG_WARN_EMPTY_BODY = YES;
				CLANG_WARN_ENUM_CONVERSION = YES;
				CLANG_WARN_INFINITE_RECURSION = YES;
				CLANG_WARN_INT_CONVERSION = YES;
				CLANG_WARN_NON_LITERAL_NULL_CONVERSION = YES;
				CLANG_WARN_OBJC_IMPLICIT_RETAIN_SELF = YES;
				CLANG_WARN_OBJC_LITERAL_CONVERSION = YES;
				CLANG_WARN_OBJC_ROOT_CLASS = YES_ERROR;
				CLANG_WARN_QUOTED_INCLUDE_IN_FRAMEWORK_HEADER = YES;
				CLANG_WARN_RANGE_LOOP_ANALYSIS = YES;
				CLANG_WARN_STRICT_PROTOTYPES = YES;
				CLANG_WARN_SUSPICIOUS_MOVE = YES;
				CLANG_WARN_UNGUARDED_AVAILABILITY = YES_AGGRESSIVE;
				CLANG_WARN_UNREACHABLE_CODE = YES;
				CLANG_WARN__DUPLICATE_METHOD_MATCH = YES;
				COPY_PHASE_STRIP = NO;
				DEBUG_INFORMATION_FORMAT = dwarf;
				ENABLE_STRICT_OBJC_MSGSEND = YES;
				ENABLE_TESTABILITY = YES;
				GCC_C_LANGUAGE_STANDARD = gnu11;
				GCC_DYNAMIC_NO_PIC = NO;
				GCC_NO_COMMON_BLOCKS = YES;
				GCC_OPTIMIZATION_LEVEL = 0;
				GCC_PREPROCESSOR_DEFINITIONS = (
					"DEBUG=1",
					"$(inherited)",
				);
				GCC_WARN_64_TO_32_BIT_CONVERSION = YES;
				GCC_WARN_ABOUT_RETURN_TYPE = YES_ERROR;
				GCC_WARN_UNDECLARED_SELECTOR = YES;
				GCC_WARN_UNINITIALIZED_AUTOS = YES_AGGRESSIVE;
				GCC_WARN_UNUSED_FUNCTION = YES;
				GCC_WARN_UNUSED_VARIABLE = YES;
				IPHONEOS_DEPLOYMENT_TARGET = 16.1;
				MTL_ENABLE_DEBUG_INFO = INCLUDE_SOURCE;
				MTL_FAST_MATH = YES;
				ONLY_ACTIVE_ARCH = YES;
				SDKROOT = iphoneos;
				SWIFT_ACTIVE_COMPILATION_CONDITIONS = DEBUG;
				SWIFT_OPTIMIZATION_LEVEL = "-Onone";
			};
			name = Debug;
		};
		35413465295360BF00745F18 /* Release */ = {
			isa = XCBuildConfiguration;
			buildSettings = {
				ALWAYS_SEARCH_USER_PATHS = NO;
				CLANG_ANALYZER_NONNULL = YES;
				CLANG_ANALYZER_NUMBER_OBJECT_CONVERSION = YES_AGGRESSIVE;
				CLANG_CXX_LANGUAGE_STANDARD = "gnu++20";
				CLANG_ENABLE_MODULES = YES;
				CLANG_ENABLE_OBJC_ARC = YES;
				CLANG_ENABLE_OBJC_WEAK = YES;
				CLANG_WARN_BLOCK_CAPTURE_AUTORELEASING = YES;
				CLANG_WARN_BOOL_CONVERSION = YES;
				CLANG_WARN_COMMA = YES;
				CLANG_WARN_CONSTANT_CONVERSION = YES;
				CLANG_WARN_DEPRECATED_OBJC_IMPLEMENTATIONS = YES;
				CLANG_WARN_DIRECT_OBJC_ISA_USAGE = YES_ERROR;
				CLANG_WARN_DOCUMENTATION_COMMENTS = YES;
				CLANG_WARN_EMPTY_BODY = YES;
				CLANG_WARN_ENUM_CONVERSION = YES;
				CLANG_WARN_INFINITE_RECURSION = YES;
				CLANG_WARN_INT_CONVERSION = YES;
				CLANG_WARN_NON_LITERAL_NULL_CONVERSION = YES;
				CLANG_WARN_OBJC_IMPLICIT_RETAIN_SELF = YES;
				CLANG_WARN_OBJC_LITERAL_CONVERSION = YES;
				CLANG_WARN_OBJC_ROOT_CLASS = YES_ERROR;
				CLANG_WARN_QUOTED_INCLUDE_IN_FRAMEWORK_HEADER = YES;
				CLANG_WARN_RANGE_LOOP_ANALYSIS = YES;
				CLANG_WARN_STRICT_PROTOTYPES = YES;
				CLANG_WARN_SUSPICIOUS_MOVE = YES;
				CLANG_WARN_UNGUARDED_AVAILABILITY = YES_AGGRESSIVE;
				CLANG_WARN_UNREACHABLE_CODE = YES;
				CLANG_WARN__DUPLICATE_METHOD_MATCH = YES;
				COPY_PHASE_STRIP = NO;
				DEBUG_INFORMATION_FORMAT = "dwarf-with-dsym";
				ENABLE_NS_ASSERTIONS = NO;
				ENABLE_STRICT_OBJC_MSGSEND = YES;
				GCC_C_LANGUAGE_STANDARD = gnu11;
				GCC_NO_COMMON_BLOCKS = YES;
				GCC_WARN_64_TO_32_BIT_CONVERSION = YES;
				GCC_WARN_ABOUT_RETURN_TYPE = YES_ERROR;
				GCC_WARN_UNDECLARED_SELECTOR = YES;
				GCC_WARN_UNINITIALIZED_AUTOS = YES_AGGRESSIVE;
				GCC_WARN_UNUSED_FUNCTION = YES;
				GCC_WARN_UNUSED_VARIABLE = YES;
				IPHONEOS_DEPLOYMENT_TARGET = 16.1;
				MTL_ENABLE_DEBUG_INFO = NO;
				MTL_FAST_MATH = YES;
				SDKROOT = iphoneos;
				SWIFT_COMPILATION_MODE = wholemodule;
				SWIFT_OPTIMIZATION_LEVEL = "-O";
				VALIDATE_PRODUCT = YES;
			};
			name = Release;
		};
		35413467295360BF00745F18 /* Debug */ = {
			isa = XCBuildConfiguration;
			buildSettings = {
				ASSETCATALOG_COMPILER_APPICON_NAME = AppIcon;
				ASSETCATALOG_COMPILER_GLOBAL_ACCENT_COLOR_NAME = AccentColor;
				CODE_SIGN_STYLE = Automatic;
				CURRENT_PROJECT_VERSION = 1;
				GENERATE_INFOPLIST_FILE = YES;
				INFOPLIST_FILE = ABLY/Info.plist;
				INFOPLIST_KEY_UIApplicationSupportsIndirectInputEvents = YES;
				INFOPLIST_KEY_UILaunchStoryboardName = LaunchScreen;
				INFOPLIST_KEY_UIMainStoryboardFile = Main;
				INFOPLIST_KEY_UISupportedInterfaceOrientations_iPad = "UIInterfaceOrientationPortrait UIInterfaceOrientationPortraitUpsideDown UIInterfaceOrientationLandscapeLeft UIInterfaceOrientationLandscapeRight";
				INFOPLIST_KEY_UISupportedInterfaceOrientations_iPhone = "UIInterfaceOrientationPortrait UIInterfaceOrientationLandscapeLeft UIInterfaceOrientationLandscapeRight";
				LD_RUNPATH_SEARCH_PATHS = (
					"$(inherited)",
					"@executable_path/Frameworks",
				);
				MARKETING_VERSION = 1.0;
				PRODUCT_BUNDLE_IDENTIFIER = yejin.ABLY;
				PRODUCT_NAME = "$(TARGET_NAME)";
				SWIFT_EMIT_LOC_STRINGS = YES;
				SWIFT_VERSION = 5.0;
				TARGETED_DEVICE_FAMILY = "1,2";
			};
			name = Debug;
		};
		35413468295360BF00745F18 /* Release */ = {
			isa = XCBuildConfiguration;
			buildSettings = {
				ASSETCATALOG_COMPILER_APPICON_NAME = AppIcon;
				ASSETCATALOG_COMPILER_GLOBAL_ACCENT_COLOR_NAME = AccentColor;
				CODE_SIGN_STYLE = Automatic;
				CURRENT_PROJECT_VERSION = 1;
				GENERATE_INFOPLIST_FILE = YES;
				INFOPLIST_FILE = ABLY/Info.plist;
				INFOPLIST_KEY_UIApplicationSupportsIndirectInputEvents = YES;
				INFOPLIST_KEY_UILaunchStoryboardName = LaunchScreen;
				INFOPLIST_KEY_UIMainStoryboardFile = Main;
				INFOPLIST_KEY_UISupportedInterfaceOrientations_iPad = "UIInterfaceOrientationPortrait UIInterfaceOrientationPortraitUpsideDown UIInterfaceOrientationLandscapeLeft UIInterfaceOrientationLandscapeRight";
				INFOPLIST_KEY_UISupportedInterfaceOrientations_iPhone = "UIInterfaceOrientationPortrait UIInterfaceOrientationLandscapeLeft UIInterfaceOrientationLandscapeRight";
				LD_RUNPATH_SEARCH_PATHS = (
					"$(inherited)",
					"@executable_path/Frameworks",
				);
				MARKETING_VERSION = 1.0;
				PRODUCT_BUNDLE_IDENTIFIER = yejin.ABLY;
				PRODUCT_NAME = "$(TARGET_NAME)";
				SWIFT_EMIT_LOC_STRINGS = YES;
				SWIFT_VERSION = 5.0;
				TARGETED_DEVICE_FAMILY = "1,2";
			};
			name = Release;
		};
		3541346A295360BF00745F18 /* Debug */ = {
			isa = XCBuildConfiguration;
			buildSettings = {
				ALWAYS_EMBED_SWIFT_STANDARD_LIBRARIES = YES;
				BUNDLE_LOADER = "$(TEST_HOST)";
				CODE_SIGN_STYLE = Automatic;
				CURRENT_PROJECT_VERSION = 1;
				GENERATE_INFOPLIST_FILE = YES;
				IPHONEOS_DEPLOYMENT_TARGET = 16.1;
				MARKETING_VERSION = 1.0;
				PRODUCT_BUNDLE_IDENTIFIER = yejin.ABLYTests;
				PRODUCT_NAME = "$(TARGET_NAME)";
				SWIFT_EMIT_LOC_STRINGS = NO;
				SWIFT_VERSION = 5.0;
				TARGETED_DEVICE_FAMILY = "1,2";
				TEST_HOST = "$(BUILT_PRODUCTS_DIR)/ABLY.app/$(BUNDLE_EXECUTABLE_FOLDER_PATH)/ABLY";
			};
			name = Debug;
		};
		3541346B295360BF00745F18 /* Release */ = {
			isa = XCBuildConfiguration;
			buildSettings = {
				ALWAYS_EMBED_SWIFT_STANDARD_LIBRARIES = YES;
				BUNDLE_LOADER = "$(TEST_HOST)";
				CODE_SIGN_STYLE = Automatic;
				CURRENT_PROJECT_VERSION = 1;
				GENERATE_INFOPLIST_FILE = YES;
				IPHONEOS_DEPLOYMENT_TARGET = 16.1;
				MARKETING_VERSION = 1.0;
				PRODUCT_BUNDLE_IDENTIFIER = yejin.ABLYTests;
				PRODUCT_NAME = "$(TARGET_NAME)";
				SWIFT_EMIT_LOC_STRINGS = NO;
				SWIFT_VERSION = 5.0;
				TARGETED_DEVICE_FAMILY = "1,2";
				TEST_HOST = "$(BUILT_PRODUCTS_DIR)/ABLY.app/$(BUNDLE_EXECUTABLE_FOLDER_PATH)/ABLY";
			};
			name = Release;
		};
		3541346D295360BF00745F18 /* Debug */ = {
			isa = XCBuildConfiguration;
			buildSettings = {
				ALWAYS_EMBED_SWIFT_STANDARD_LIBRARIES = YES;
				CODE_SIGN_STYLE = Automatic;
				CURRENT_PROJECT_VERSION = 1;
				GENERATE_INFOPLIST_FILE = YES;
				MARKETING_VERSION = 1.0;
				PRODUCT_BUNDLE_IDENTIFIER = yejin.ABLYUITests;
				PRODUCT_NAME = "$(TARGET_NAME)";
				SWIFT_EMIT_LOC_STRINGS = NO;
				SWIFT_VERSION = 5.0;
				TARGETED_DEVICE_FAMILY = "1,2";
				TEST_TARGET_NAME = ABLY;
			};
			name = Debug;
		};
		3541346E295360BF00745F18 /* Release */ = {
			isa = XCBuildConfiguration;
			buildSettings = {
				ALWAYS_EMBED_SWIFT_STANDARD_LIBRARIES = YES;
				CODE_SIGN_STYLE = Automatic;
				CURRENT_PROJECT_VERSION = 1;
				GENERATE_INFOPLIST_FILE = YES;
				MARKETING_VERSION = 1.0;
				PRODUCT_BUNDLE_IDENTIFIER = yejin.ABLYUITests;
				PRODUCT_NAME = "$(TARGET_NAME)";
				SWIFT_EMIT_LOC_STRINGS = NO;
				SWIFT_VERSION = 5.0;
				TARGETED_DEVICE_FAMILY = "1,2";
				TEST_TARGET_NAME = ABLY;
			};
			name = Release;
		};
/* End XCBuildConfiguration section */

/* Begin XCConfigurationList section */
		35413437295360BE00745F18 /* Build configuration list for PBXProject "ABLY" */ = {
			isa = XCConfigurationList;
			buildConfigurations = (
				35413464295360BF00745F18 /* Debug */,
				35413465295360BF00745F18 /* Release */,
			);
			defaultConfigurationIsVisible = 0;
			defaultConfigurationName = Release;
		};
		35413466295360BF00745F18 /* Build configuration list for PBXNativeTarget "ABLY" */ = {
			isa = XCConfigurationList;
			buildConfigurations = (
				35413467295360BF00745F18 /* Debug */,
				35413468295360BF00745F18 /* Release */,
			);
			defaultConfigurationIsVisible = 0;
			defaultConfigurationName = Release;
		};
		35413469295360BF00745F18 /* Build configuration list for PBXNativeTarget "ABLYTests" */ = {
			isa = XCConfigurationList;
			buildConfigurations = (
				3541346A295360BF00745F18 /* Debug */,
				3541346B295360BF00745F18 /* Release */,
			);
			defaultConfigurationIsVisible = 0;
			defaultConfigurationName = Release;
		};
		3541346C295360BF00745F18 /* Build configuration list for PBXNativeTarget "ABLYUITests" */ = {
			isa = XCConfigurationList;
			buildConfigurations = (
				3541346D295360BF00745F18 /* Debug */,
				3541346E295360BF00745F18 /* Release */,
			);
			defaultConfigurationIsVisible = 0;
			defaultConfigurationName = Release;
		};
/* End XCConfigurationList section */
	};
	rootObject = 35413434295360BE00745F18 /* Project object */;
}
